
Microsoft Visual Studio Solution File, Format Version 12.00
# Visual Studio Version 17
VisualStudioVersion = 17.7.34031.279
MinimumVisualStudioVersion = 10.0.40219.1
Project("{FAE04EC0-301F-11D3-BF4B-00C04F79EFBC}") = "ApiAurora", "ApiAurora\ApiAurora.csproj", "{CE75DB6B-168B-433B-BAF7-694C5683DFE0}"
EndProject
Global
	GlobalSection(SolutionConfigurationPlatforms) = preSolution
		Debug|Any CPU = Debug|Any CPU
		Release|Any CPU = Release|Any CPU
	EndGlobalSection
	GlobalSection(ProjectConfigurationPlatforms) = postSolution
		{CE75DB6B-168B-433B-BAF7-694C5683DFE0}.Debug|Any CPU.ActiveCfg = Debug|Any CPU
		{CE75DB6B-168B-433B-BAF7-694C5683DFE0}.Debug|Any CPU.Build.0 = Debug|Any CPU
		{CE75DB6B-168B-433B-BAF7-694C5683DFE0}.Release|Any CPU.ActiveCfg = Release|Any CPU
		{CE75DB6B-168B-433B-BAF7-694C5683DFE0}.Release|Any CPU.Build.0 = Release|Any CPU
	EndGlobalSection
	GlobalSection(SolutionProperties) = preSolution
		HideSolutionNode = FALSE
	EndGlobalSection
	GlobalSection(ExtensibilityGlobals) = postSolution
		SolutionGuid = {563087D4-5580-4C3A-8468-3234A4389734}
	EndGlobalSection
EndGlobal
